<?xml version="1.0" encoding="utf-8"?>
<Project ToolsVersion="4.0" xmlns="http://schemas.microsoft.com/developer/msbuild/2003">
  <ItemGroup>
    <Filter Include="Resource Files">
      <UniqueIdentifier>{67DA6AB6-F800-4c08-8B7A-83BB121AAD01}</UniqueIdentifier>
      <Extensions>rc;ico;cur;bmp;dlg;rc2;rct;bin;rgs;gif;jpg;jpeg;jpe;resx;tiff;tif;png;wav;mfcribbon-ms</Extensions>
    </Filter>
    <Filter Include="GUI Classes">
      <UniqueIdentifier>{93995380-89BD-4b04-88EB-625FBE52EBFB}</UniqueIdentifier>
      <Extensions>h;hh;hpp;hxx;hm;inl;inc;xsd</Extensions>
    </Filter>
    <Filter Include="GUI Classes\WinGDI">
      <UniqueIdentifier>{cb2dfc8f-fa5e-4d29-b602-2a55fca33284}</UniqueIdentifier>
    </Filter>
    <Filter Include="GUI Classes\Base GUI Classes">
      <UniqueIdentifier>{05ef35a5-b2c7-4d21-ae74-a0db8de04503}</UniqueIdentifier>
    </Filter>
    <Filter Include="Game Components">
      <UniqueIdentifier>{4FC737F1-C7A5-4376-A066-2A32D752A2FF}</UniqueIdentifier>
      <Extensions>cpp;c;cc;cxx;def;odl;idl;hpj;bat;asm;asmx</Extensions>
    </Filter>
    <Filter Include="Game Components\Utility">
      <UniqueIdentifier>{8b85879f-10ab-444a-bef9-197407a6cdd6}</UniqueIdentifier>
    </Filter>
  </ItemGroup>
  <ItemGroup>
    <ClInclude Include="Include\Scene.h">
      <Filter>Game Components</Filter>
    </ClInclude>
    <ClInclude Include="Include\WinCanvas.h">
      <Filter>GUI Classes\WinGDI</Filter>
    </ClInclude>
    <ClInclude Include="Include\Geometry.h">
      <Filter>Game Components\Utility</Filter>
    </ClInclude>
    <ClInclude Include="Include\math_t.h">
      <Filter>Game Components\Utility</Filter>
    </ClInclude>
    <ClInclude Include="Include\GameTypes.h">
      <Filter>Game Components</Filter>
    </ClInclude>
    <ClInclude Include="Include\BaseClasses.h">
      <Filter>Game Components</Filter>
    </ClInclude>
    <ClInclude Include="Include\WinTexture.h">
      <Filter>GUI Classes\WinGDI</Filter>
    </ClInclude>
    <ClInclude Include="Include\Canvas.h">
      <Filter>GUI Classes\Base GUI Classes</Filter>
    </ClInclude>
    <ClInclude Include="Include\InputState.h">
      <Filter>GUI Classes\Base GUI Classes</Filter>
    </ClInclude>
    <ClInclude Include="Include\Texture.h">
      <Filter>GUI Classes\Base GUI Classes</Filter>
    </ClInclude>
    <ClInclude Include="Include\DerivedClasses.h">
      <Filter>Game Components</Filter>
    </ClInclude>
    <ClInclude Include="Source\Main.h">
      <Filter>GUI Classes</Filter>
    </ClInclude>
    <ClInclude Include="Include\Player.h">
      <Filter>Game Components</Filter>
    </ClInclude>
    <ClInclude Include="Include\Bullet.h">
      <Filter>Game Components</Filter>
    </ClInclude>
    <ClInclude Include="Include\Enemy.h">
      <Filter>Game Components</Filter>
    </ClInclude>
    <ClInclude Include="Include\Score.h">
      <Filter>Game Components</Filter>
    </ClInclude>
  </ItemGroup>
  <ItemGroup>
    <ClCompile Include="Source\Main.cpp">
      <Filter>Game Components</Filter>
    </ClCompile>
    <ClCompile Include="Source\Scene.cpp">
      <Filter>Game Components</Filter>
    </ClCompile>
    <ClCompile Include="Source\WinCanvas.cpp">
      <Filter>GUI Classes\WinGDI</Filter>
    </ClCompile>
    <ClCompile Include="Source\BaseClasses.cpp">
      <Filter>Game Components</Filter>
    </ClCompile>
    <ClCompile Include="Source\WinTexture.cpp">
      <Filter>GUI Classes\WinGDI</Filter>
    </ClCompile>
    <ClCompile Include="Source\InputState.cpp">
      <Filter>GUI Classes\Base GUI Classes</Filter>
    </ClCompile>
    <ClCompile Include="Source\DerivedClasses.cpp">
      <Filter>Game Components</Filter>
    </ClCompile>
    <ClCompile Include="Source.cpp">
      <Filter>Game Components</Filter>
    </ClCompile>
    <ClCompile Include="Source1.cpp">
      <Filter>Game Components</Filter>
    </ClCompile>
    <ClCompile Include="Source\Player.cpp">
      <Filter>Game Components</Filter>
    </ClCompile>
    <ClCompile Include="Include\Bullet.cpp">
      <Filter>Game Components</Filter>
    </ClCompile>
    <ClCompile Include="Include\Enemy.cpp">
      <Filter>Game Components</Filter>
    </ClCompile>
    <ClCompile Include="Source\Score.cpp">
      <Filter>Game Components</Filter>
    </ClCompile>
  </ItemGroup>
  <ItemGroup>
    <Image Include="resource\Lightning.bmp">
      <Filter>Resource Files</Filter>
    </Image>
  </ItemGroup>
</Project>